
Microsoft Visual Studio Solution File, Format Version 12.00
# Visual Studio Version 16
VisualStudioVersion = 16.0.31005.135
MinimumVisualStudioVersion = 10.0.40219.1
Project("{FAE04EC0-301F-11D3-BF4B-00C04F79EFBC}") = "SloppyJoe", "SloppyJoe.csproj", "{ACF59478-ED96-49A1-841C-34A09799F54E}"
EndProject
Global
	GlobalSection(SolutionConfigurationPlatforms) = preSolution
		Debug|Any CPU = Debug|Any CPU
		Release|Any CPU = Release|Any CPU
	EndGlobalSection
	GlobalSection(ProjectConfigurationPlatforms) = postSolution
		{ACF59478-ED96-49A1-841C-34A09799F54E}.Debug|Any CPU.ActiveCfg = Debug|Any CPU
		{ACF59478-ED96-49A1-841C-34A09799F54E}.Debug|Any CPU.Build.0 = Debug|Any CPU
		{ACF59478-ED96-49A1-841C-34A09799F54E}.Release|Any CPU.ActiveCfg = Release|Any CPU
		{ACF59478-ED96-49A1-841C-34A09799F54E}.Release|Any CPU.Build.0 = Release|Any CPU
	EndGlobalSection
	GlobalSection(SolutionProperties) = preSolution
		HideSolutionNode = FALSE
	EndGlobalSection
	GlobalSection(ExtensibilityGlobals) = postSolution
		SolutionGuid = {AE5FE846-8590-4698-8114-8E9E74034F56}
	EndGlobalSection
EndGlobal
